
Microsoft Visual Studio Solution File, Format Version 12.00
# Visual Studio Version 17
VisualStudioVersion = 17.12.35514.174
MinimumVisualStudioVersion = 10.0.40219.1
Project("{FAE04EC0-301F-11D3-BF4B-00C04F79EFBC}") = "FBAppUI", "FacebookWinFormsApp\FBAppUI.csproj", "{5EE6DA79-7BC5-4414-A338-34B42A063715}"
EndProject
Project("{FAE04EC0-301F-11D3-BF4B-00C04F79EFBC}") = "FBLogic", "FBLogic\FBLogic.csproj", "{2DB81CD5-CB18-43D6-805D-92AEAD40BF07}"
EndProject
Global
	GlobalSection(SolutionConfigurationPlatforms) = preSolution
		Debug|Any CPU = Debug|Any CPU
		Debug|x64 = Debug|x64
		Release|Any CPU = Release|Any CPU
		Release|x64 = Release|x64
	EndGlobalSection
	GlobalSection(ProjectConfigurationPlatforms) = postSolution
		{5EE6DA79-7BC5-4414-A338-34B42A063715}.Debug|Any CPU.ActiveCfg = Debug|Any CPU
		{5EE6DA79-7BC5-4414-A338-34B42A063715}.Debug|Any CPU.Build.0 = Debug|Any CPU
		{5EE6DA79-7BC5-4414-A338-34B42A063715}.Debug|x64.ActiveCfg = Debug|x64
		{5EE6DA79-7BC5-4414-A338-34B42A063715}.Debug|x64.Build.0 = Debug|x64
		{5EE6DA79-7BC5-4414-A338-34B42A063715}.Release|Any CPU.ActiveCfg = Release|Any CPU
		{5EE6DA79-7BC5-4414-A338-34B42A063715}.Release|Any CPU.Build.0 = Release|Any CPU
		{5EE6DA79-7BC5-4414-A338-34B42A063715}.Release|x64.ActiveCfg = Release|x64
		{5EE6DA79-7BC5-4414-A338-34B42A063715}.Release|x64.Build.0 = Release|x64
		{2DB81CD5-CB18-43D6-805D-92AEAD40BF07}.Debug|Any CPU.ActiveCfg = Debug|Any CPU
		{2DB81CD5-CB18-43D6-805D-92AEAD40BF07}.Debug|Any CPU.Build.0 = Debug|Any CPU
		{2DB81CD5-CB18-43D6-805D-92AEAD40BF07}.Debug|x64.ActiveCfg = Debug|Any CPU
		{2DB81CD5-CB18-43D6-805D-92AEAD40BF07}.Debug|x64.Build.0 = Debug|Any CPU
		{2DB81CD5-CB18-43D6-805D-92AEAD40BF07}.Release|Any CPU.ActiveCfg = Release|Any CPU
		{2DB81CD5-CB18-43D6-805D-92AEAD40BF07}.Release|Any CPU.Build.0 = Release|Any CPU
		{2DB81CD5-CB18-43D6-805D-92AEAD40BF07}.Release|x64.ActiveCfg = Release|Any CPU
		{2DB81CD5-CB18-43D6-805D-92AEAD40BF07}.Release|x64.Build.0 = Release|Any CPU
	EndGlobalSection
	GlobalSection(SolutionProperties) = preSolution
		HideSolutionNode = FALSE
	EndGlobalSection
	GlobalSection(ExtensibilityGlobals) = postSolution
		SolutionGuid = {5D8BC6CD-79F1-4070-9346-45BF5E5E6568}
	EndGlobalSection
EndGlobal
